
Microsoft Visual Studio Solution File, Format Version 12.00
Project("{FAE04EC0-301F-11D3-BF4B-00C04F79EFBC}") = "ProjectX", "ProjectX\ProjectX.csproj", "{507E7D17-9BC6-4447-B266-DB0FC3229816}"
EndProject
Project("{2150E333-8FDC-42A3-9474-1A3956D46DE8}") = "Core", "Core", "{585DB3A0-FB92-4DF2-AD3A-7FB368A83372}"
EndProject
Project("{FAE04EC0-301F-11D3-BF4B-00C04F79EFBC}") = "Domain", "Domain\Domain.csproj", "{2E204FA3-7313-47D3-B7F3-61BB7682D2D7}"
EndProject
Project("{2150E333-8FDC-42A3-9474-1A3956D46DE8}") = "Infrastructure", "Infrastructure", "{FB2958F1-53BE-4626-BED1-8C87792EAFEA}"
EndProject
Project("{2150E333-8FDC-42A3-9474-1A3956D46DE8}") = "Presentation", "Presentation", "{E6F6B4F8-1EDA-4E83-B56D-281F807495BB}"
EndProject
Project("{FAE04EC0-301F-11D3-BF4B-00C04F79EFBC}") = "Persistence", "Persistence\Persistence.csproj", "{38D30452-258D-4EA1-A644-7E40D57F8642}"
EndProject
Project("{2150E333-8FDC-42A3-9474-1A3956D46DE8}") = "Application", "Application", "{332752EB-02EA-4764-B38B-7028CADC3E7B}"
EndProject
Project("{2150E333-8FDC-42A3-9474-1A3956D46DE8}") = "Tests", "Tests", "{441DD07A-FCBC-4C00-AA45-A9B62F779E44}"
EndProject
Project("{FAE04EC0-301F-11D3-BF4B-00C04F79EFBC}") = "Tests.Application", "Tests.Application\Tests.Application.csproj", "{C8C201EA-B741-4307-BC2D-25498991CA1A}"
EndProject
Project("{FAE04EC0-301F-11D3-BF4B-00C04F79EFBC}") = "Tests.Domain", "Tests.Domain\Tests.Domain.csproj", "{6ED7AFE0-D1D5-42ED-9964-72E5CE81667B}"
EndProject
Project("{FAE04EC0-301F-11D3-BF4B-00C04F79EFBC}") = "Tests.Infrastructure", "Tests.Infrastructure\Tests.Infrastructure.csproj", "{FD68B4FE-712D-438C-A214-CA646099E28F}"
EndProject
Project("{FAE04EC0-301F-11D3-BF4B-00C04F79EFBC}") = "UseCase", "UseCase\UseCase.csproj", "{A6F38CF0-00F4-4CA5-AE19-5844DC2399B1}"
EndProject
Global
	GlobalSection(SolutionConfigurationPlatforms) = preSolution
		Debug|Any CPU = Debug|Any CPU
		Release|Any CPU = Release|Any CPU
	EndGlobalSection
	GlobalSection(ProjectConfigurationPlatforms) = postSolution
		{507E7D17-9BC6-4447-B266-DB0FC3229816}.Debug|Any CPU.ActiveCfg = Debug|Any CPU
		{507E7D17-9BC6-4447-B266-DB0FC3229816}.Debug|Any CPU.Build.0 = Debug|Any CPU
		{507E7D17-9BC6-4447-B266-DB0FC3229816}.Release|Any CPU.ActiveCfg = Release|Any CPU
		{507E7D17-9BC6-4447-B266-DB0FC3229816}.Release|Any CPU.Build.0 = Release|Any CPU
		{2E204FA3-7313-47D3-B7F3-61BB7682D2D7}.Debug|Any CPU.ActiveCfg = Debug|Any CPU
		{2E204FA3-7313-47D3-B7F3-61BB7682D2D7}.Debug|Any CPU.Build.0 = Debug|Any CPU
		{2E204FA3-7313-47D3-B7F3-61BB7682D2D7}.Release|Any CPU.ActiveCfg = Release|Any CPU
		{2E204FA3-7313-47D3-B7F3-61BB7682D2D7}.Release|Any CPU.Build.0 = Release|Any CPU
		{38D30452-258D-4EA1-A644-7E40D57F8642}.Debug|Any CPU.ActiveCfg = Debug|Any CPU
		{38D30452-258D-4EA1-A644-7E40D57F8642}.Debug|Any CPU.Build.0 = Debug|Any CPU
		{38D30452-258D-4EA1-A644-7E40D57F8642}.Release|Any CPU.ActiveCfg = Release|Any CPU
		{38D30452-258D-4EA1-A644-7E40D57F8642}.Release|Any CPU.Build.0 = Release|Any CPU
		{C8C201EA-B741-4307-BC2D-25498991CA1A}.Debug|Any CPU.ActiveCfg = Debug|Any CPU
		{C8C201EA-B741-4307-BC2D-25498991CA1A}.Debug|Any CPU.Build.0 = Debug|Any CPU
		{C8C201EA-B741-4307-BC2D-25498991CA1A}.Release|Any CPU.ActiveCfg = Release|Any CPU
		{C8C201EA-B741-4307-BC2D-25498991CA1A}.Release|Any CPU.Build.0 = Release|Any CPU
		{6ED7AFE0-D1D5-42ED-9964-72E5CE81667B}.Debug|Any CPU.ActiveCfg = Debug|Any CPU
		{6ED7AFE0-D1D5-42ED-9964-72E5CE81667B}.Debug|Any CPU.Build.0 = Debug|Any CPU
		{6ED7AFE0-D1D5-42ED-9964-72E5CE81667B}.Release|Any CPU.ActiveCfg = Release|Any CPU
		{6ED7AFE0-D1D5-42ED-9964-72E5CE81667B}.Release|Any CPU.Build.0 = Release|Any CPU
		{FD68B4FE-712D-438C-A214-CA646099E28F}.Debug|Any CPU.ActiveCfg = Debug|Any CPU
		{FD68B4FE-712D-438C-A214-CA646099E28F}.Debug|Any CPU.Build.0 = Debug|Any CPU
		{FD68B4FE-712D-438C-A214-CA646099E28F}.Release|Any CPU.ActiveCfg = Release|Any CPU
		{FD68B4FE-712D-438C-A214-CA646099E28F}.Release|Any CPU.Build.0 = Release|Any CPU
		{A6F38CF0-00F4-4CA5-AE19-5844DC2399B1}.Debug|Any CPU.ActiveCfg = Debug|Any CPU
		{A6F38CF0-00F4-4CA5-AE19-5844DC2399B1}.Debug|Any CPU.Build.0 = Debug|Any CPU
		{A6F38CF0-00F4-4CA5-AE19-5844DC2399B1}.Release|Any CPU.ActiveCfg = Release|Any CPU
		{A6F38CF0-00F4-4CA5-AE19-5844DC2399B1}.Release|Any CPU.Build.0 = Release|Any CPU
	EndGlobalSection
	GlobalSection(NestedProjects) = preSolution
		{2E204FA3-7313-47D3-B7F3-61BB7682D2D7} = {585DB3A0-FB92-4DF2-AD3A-7FB368A83372}
		{507E7D17-9BC6-4447-B266-DB0FC3229816} = {E6F6B4F8-1EDA-4E83-B56D-281F807495BB}
		{38D30452-258D-4EA1-A644-7E40D57F8642} = {FB2958F1-53BE-4626-BED1-8C87792EAFEA}
		{C8C201EA-B741-4307-BC2D-25498991CA1A} = {441DD07A-FCBC-4C00-AA45-A9B62F779E44}
		{6ED7AFE0-D1D5-42ED-9964-72E5CE81667B} = {441DD07A-FCBC-4C00-AA45-A9B62F779E44}
		{FD68B4FE-712D-438C-A214-CA646099E28F} = {441DD07A-FCBC-4C00-AA45-A9B62F779E44}
		{A6F38CF0-00F4-4CA5-AE19-5844DC2399B1} = {332752EB-02EA-4764-B38B-7028CADC3E7B}
	EndGlobalSection
EndGlobal
